
Microsoft Visual Studio Solution File, Format Version 12.00
# Visual Studio 14
VisualStudioVersion = 14.0.23107.0
MinimumVisualStudioVersion = 10.0.40219.1
Project("{FAE04EC0-301F-11D3-BF4B-00C04F79EFBC}") = "Bowling", "Bowling\Bowling.csproj", "{6D83552E-F952-4B18-999A-92B86F2FF98B}"
EndProject
Project("{FAE04EC0-301F-11D3-BF4B-00C04F79EFBC}") = "BowlingTest", "BowlingTest\BowlingTest.csproj", "{EC19E856-3809-47FB-92A5-BB47D32421B1}"
EndProject
Global
	GlobalSection(SolutionConfigurationPlatforms) = preSolution
		Debug|Any CPU = Debug|Any CPU
		Release|Any CPU = Release|Any CPU
	EndGlobalSection
	GlobalSection(ProjectConfigurationPlatforms) = postSolution
		{6D83552E-F952-4B18-999A-92B86F2FF98B}.Debug|Any CPU.ActiveCfg = Debug|Any CPU
		{6D83552E-F952-4B18-999A-92B86F2FF98B}.Debug|Any CPU.Build.0 = Debug|Any CPU
		{6D83552E-F952-4B18-999A-92B86F2FF98B}.Release|Any CPU.ActiveCfg = Release|Any CPU
		{6D83552E-F952-4B18-999A-92B86F2FF98B}.Release|Any CPU.Build.0 = Release|Any CPU
		{EC19E856-3809-47FB-92A5-BB47D32421B1}.Debug|Any CPU.ActiveCfg = Debug|Any CPU
		{EC19E856-3809-47FB-92A5-BB47D32421B1}.Debug|Any CPU.Build.0 = Debug|Any CPU
		{EC19E856-3809-47FB-92A5-BB47D32421B1}.Release|Any CPU.ActiveCfg = Release|Any CPU
		{EC19E856-3809-47FB-92A5-BB47D32421B1}.Release|Any CPU.Build.0 = Release|Any CPU
	EndGlobalSection
	GlobalSection(SolutionProperties) = preSolution
		HideSolutionNode = FALSE
	EndGlobalSection
EndGlobal
