{
  "name": "mystream",
  "version": "1.0.0",
  "lockfileVersion": 1,
  "requires": true,
  "dependencies": {
    "@most/multicast": {
      "version": "1.3.0",
      "resolved": "https://registry.npmjs.org/@most/multicast/-/multicast-1.3.0.tgz",
      "integrity": "sha512-DWH8AShgp5bXn+auGzf5tzPxvpmEvQJd0CNsApOci1LDF4eAEcnw4HQOr2Jaa+L92NbDYFKBSXxll+i7r1ikvw==",
      "requires": {
        "@most/prelude": "1.7.0"
      }
    },
    "@most/prelude": {
      "version": "1.7.0",
      "resolved": "https://registry.npmjs.org/@most/prelude/-/prelude-1.7.0.tgz",
      "integrity": "sha512-OlDCH0+u2/ro/AHeAg63zvbvCsQC930hSKC9Kc1qSev1JkWK8Yk0HDHJ4o62HSjPwWGXEUZG1WhQKQh4ypreGA=="
    },
    "lodash": {
      "version": "4.17.4",
      "resolved": "https://registry.npmjs.org/lodash/-/lodash-4.17.4.tgz",
      "integrity": "sha1-eCA6TRwyiuHYbcpkYONptX9AVa4="
    },
    "most": {
      "version": "1.7.2",
      "resolved": "https://registry.npmjs.org/most/-/most-1.7.2.tgz",
      "integrity": "sha512-jDSzUa7HPT79RqLEdrBnYpGZ5DXx8SSDYkS7W6ErBUgU0ewaNDLIdqLJ6GlzXK90eCaDzXm0B1C0KmfTT0XdZQ==",
      "requires": {
        "@most/multicast": "1.3.0",
        "@most/prelude": "1.7.0",
        "symbol-observable": "1.2.0"
      }
    },
    "symbol-observable": {
      "version": "1.2.0",
      "resolved": "https://registry.npmjs.org/symbol-observable/-/symbol-observable-1.2.0.tgz",
      "integrity": "sha512-e900nM8RRtGhlV36KGEU9k65K3mPb1WV70OdjfxlG2EAuM1noi/E/BaW/uMhL7bPEssK8QV57vN3esixjUvcXQ=="
    }
  }
}
