
Microsoft Visual Studio Solution File, Format Version 12.00
# Visual Studio 14
VisualStudioVersion = 14.0.23107.0
MinimumVisualStudioVersion = 10.0.40219.1
Project("{FAE04EC0-301F-11D3-BF4B-00C04F79EFBC}") = "ThirdTry", "ThirdTry.csproj", "{A3B36ACD-83D9-49A4-86C3-DC0C7A894E4B}"
EndProject
Project("{FAE04EC0-301F-11D3-BF4B-00C04F79EFBC}") = "ThirdTryTest", "..\ThirdTryTest\ThirdTryTest.csproj", "{83242EAC-7183-407B-98A9-4702F356EAEE}"
EndProject
Global
	GlobalSection(SolutionConfigurationPlatforms) = preSolution
		Debug|Any CPU = Debug|Any CPU
		Release|Any CPU = Release|Any CPU
	EndGlobalSection
	GlobalSection(ProjectConfigurationPlatforms) = postSolution
		{A3B36ACD-83D9-49A4-86C3-DC0C7A894E4B}.Debug|Any CPU.ActiveCfg = Debug|Any CPU
		{A3B36ACD-83D9-49A4-86C3-DC0C7A894E4B}.Debug|Any CPU.Build.0 = Debug|Any CPU
		{A3B36ACD-83D9-49A4-86C3-DC0C7A894E4B}.Release|Any CPU.ActiveCfg = Release|Any CPU
		{A3B36ACD-83D9-49A4-86C3-DC0C7A894E4B}.Release|Any CPU.Build.0 = Release|Any CPU
		{83242EAC-7183-407B-98A9-4702F356EAEE}.Debug|Any CPU.ActiveCfg = Debug|Any CPU
		{83242EAC-7183-407B-98A9-4702F356EAEE}.Debug|Any CPU.Build.0 = Debug|Any CPU
		{83242EAC-7183-407B-98A9-4702F356EAEE}.Release|Any CPU.ActiveCfg = Release|Any CPU
		{83242EAC-7183-407B-98A9-4702F356EAEE}.Release|Any CPU.Build.0 = Release|Any CPU
	EndGlobalSection
	GlobalSection(SolutionProperties) = preSolution
		HideSolutionNode = FALSE
	EndGlobalSection
EndGlobal
